// !$*UTF8*$!
{
	archiveVersion = 1;
	classes = {
	};
	objectVersion = 56;
	objects = {

/* Begin PBXBuildFile section */
		5DDC349B2A06FB1C0000045F /* AppDelegate.swift in Sources */ = {isa = PBXBuildFile; fileRef = 5DDC349A2A06FB1C0000045F /* AppDelegate.swift */; };
		5DDC349F2A06FB1C0000045F /* FirstPageVC.swift in Sources */ = {isa = PBXBuildFile; fileRef = 5DDC349E2A06FB1C0000045F /* FirstPageVC.swift */; };
		5DDC34A52A06FB1C0000045F /* FinalShopping.xcdatamodeld in Sources */ = {isa = PBXBuildFile; fileRef = 5DDC34A32A06FB1C0000045F /* FinalShopping.xcdatamodeld */; };
		5DDC34A72A06FB1D0000045F /* Assets.xcassets in Resources */ = {isa = PBXBuildFile; fileRef = 5DDC34A62A06FB1D0000045F /* Assets.xcassets */; };
		5DDC34AA2A06FB1D0000045F /* LaunchScreen.storyboard in Resources */ = {isa = PBXBuildFile; fileRef = 5DDC34A82A06FB1D0000045F /* LaunchScreen.storyboard */; };
		5DDC34B52A06FB1D0000045F /* FinalShoppingTests.swift in Sources */ = {isa = PBXBuildFile; fileRef = 5DDC34B42A06FB1D0000045F /* FinalShoppingTests.swift */; };
		5DDC34BF2A06FB1D0000045F /* FinalShoppingUITests.swift in Sources */ = {isa = PBXBuildFile; fileRef = 5DDC34BE2A06FB1D0000045F /* FinalShoppingUITests.swift */; };
		5DDC34C12A06FB1D0000045F /* FinalShoppingUITestsLaunchTests.swift in Sources */ = {isa = PBXBuildFile; fileRef = 5DDC34C02A06FB1D0000045F /* FinalShoppingUITestsLaunchTests.swift */; };
		5DDC34D22A070A0E0000045F /* UIColor+Extension.swift in Sources */ = {isa = PBXBuildFile; fileRef = 5DDC34D12A070A0E0000045F /* UIColor+Extension.swift */; };
		5DDC34DA2A09084C0000045F /* AuthenticationVC.swift in Sources */ = {isa = PBXBuildFile; fileRef = 5DDC34D92A09084C0000045F /* AuthenticationVC.swift */; };
		5DDC34FC2A0912B00000045F /* LogoView.swift in Sources */ = {isa = PBXBuildFile; fileRef = 5DDC34FB2A0912B00000045F /* LogoView.swift */; };
/* End PBXBuildFile section */

/* Begin PBXContainerItemProxy section */
		5DDC34B12A06FB1D0000045F /* PBXContainerItemProxy */ = {
			isa = PBXContainerItemProxy;
			containerPortal = 5DDC348F2A06FB1C0000045F /* Project object */;
			proxyType = 1;
			remoteGlobalIDString = 5DDC34962A06FB1C0000045F;
			remoteInfo = FinalShopping;
		};
		5DDC34BB2A06FB1D0000045F /* PBXContainerItemProxy */ = {
			isa = PBXContainerItemProxy;
			containerPortal = 5DDC348F2A06FB1C0000045F /* Project object */;
			proxyType = 1;
			remoteGlobalIDString = 5DDC34962A06FB1C0000045F;
			remoteInfo = FinalShopping;
		};
/* End PBXContainerItemProxy section */

/* Begin PBXFileReference section */
		5DDC34972A06FB1C0000045F /* FinalShopping.app */ = {isa = PBXFileReference; explicitFileType = wrapper.application; includeInIndex = 0; path = FinalShopping.app; sourceTree = BUILT_PRODUCTS_DIR; };
		5DDC349A2A06FB1C0000045F /* AppDelegate.swift */ = {isa = PBXFileReference; lastKnownFileType = sourcecode.swift; path = AppDelegate.swift; sourceTree = "<group>"; };
		5DDC349E2A06FB1C0000045F /* FirstPageVC.swift */ = {isa = PBXFileReference; lastKnownFileType = sourcecode.swift; path = FirstPageVC.swift; sourceTree = "<group>"; };
		5DDC34A42A06FB1C0000045F /* FinalShopping.xcdatamodel */ = {isa = PBXFileReference; lastKnownFileType = wrapper.xcdatamodel; path = FinalShopping.xcdatamodel; sourceTree = "<group>"; };
		5DDC34A62A06FB1D0000045F /* Assets.xcassets */ = {isa = PBXFileReference; lastKnownFileType = folder.assetcatalog; path = Assets.xcassets; sourceTree = "<group>"; };
		5DDC34A92A06FB1D0000045F /* Base */ = {isa = PBXFileReference; lastKnownFileType = file.storyboard; name = Base; path = Base.lproj/LaunchScreen.storyboard; sourceTree = "<group>"; };
		5DDC34AB2A06FB1D0000045F /* Info.plist */ = {isa = PBXFileReference; lastKnownFileType = text.plist.xml; path = Info.plist; sourceTree = "<group>"; };
		5DDC34B02A06FB1D0000045F /* FinalShoppingTests.xctest */ = {isa = PBXFileReference; explicitFileType = wrapper.cfbundle; includeInIndex = 0; path = FinalShoppingTests.xctest; sourceTree = BUILT_PRODUCTS_DIR; };
		5DDC34B42A06FB1D0000045F /* FinalShoppingTests.swift */ = {isa = PBXFileReference; lastKnownFileType = sourcecode.swift; path = FinalShoppingTests.swift; sourceTree = "<group>"; };
		5DDC34BA2A06FB1D0000045F /* FinalShoppingUITests.xctest */ = {isa = PBXFileReference; explicitFileType = wrapper.cfbundle; includeInIndex = 0; path = FinalShoppingUITests.xctest; sourceTree = BUILT_PRODUCTS_DIR; };
		5DDC34BE2A06FB1D0000045F /* FinalShoppingUITests.swift */ = {isa = PBXFileReference; lastKnownFileType = sourcecode.swift; path = FinalShoppingUITests.swift; sourceTree = "<group>"; };
		5DDC34C02A06FB1D0000045F /* FinalShoppingUITestsLaunchTests.swift */ = {isa = PBXFileReference; lastKnownFileType = sourcecode.swift; path = FinalShoppingUITestsLaunchTests.swift; sourceTree = "<group>"; };
		5DDC34D12A070A0E0000045F /* UIColor+Extension.swift */ = {isa = PBXFileReference; lastKnownFileType = sourcecode.swift; path = "UIColor+Extension.swift"; sourceTree = "<group>"; };
		5DDC34D92A09084C0000045F /* AuthenticationVC.swift */ = {isa = PBXFileReference; lastKnownFileType = sourcecode.swift; path = AuthenticationVC.swift; sourceTree = "<group>"; };
		5DDC34FB2A0912B00000045F /* LogoView.swift */ = {isa = PBXFileReference; lastKnownFileType = sourcecode.swift; path = LogoView.swift; sourceTree = "<group>"; };
/* End PBXFileReference section */

/* Begin PBXFrameworksBuildPhase section */
		5DDC34942A06FB1C0000045F /* Frameworks */ = {
			isa = PBXFrameworksBuildPhase;
			buildActionMask = 2147483647;
			files = (
			);
			runOnlyForDeploymentPostprocessing = 0;
		};
		5DDC34AD2A06FB1D0000045F /* Frameworks */ = {
			isa = PBXFrameworksBuildPhase;
			buildActionMask = 2147483647;
			files = (
			);
			runOnlyForDeploymentPostprocessing = 0;
		};
		5DDC34B72A06FB1D0000045F /* Frameworks */ = {
			isa = PBXFrameworksBuildPhase;
			buildActionMask = 2147483647;
			files = (
			);
			runOnlyForDeploymentPostprocessing = 0;
		};
/* End PBXFrameworksBuildPhase section */

/* Begin PBXGroup section */
		5DDC348E2A06FB1C0000045F = {
			isa = PBXGroup;
			children = (
				5DDC34992A06FB1C0000045F /* FinalShopping */,
				5DDC34B32A06FB1D0000045F /* FinalShoppingTests */,
				5DDC34BD2A06FB1D0000045F /* FinalShoppingUITests */,
				5DDC34982A06FB1C0000045F /* Products */,
			);
			sourceTree = "<group>";
		};
		5DDC34982A06FB1C0000045F /* Products */ = {
			isa = PBXGroup;
			children = (
				5DDC34972A06FB1C0000045F /* FinalShopping.app */,
				5DDC34B02A06FB1D0000045F /* FinalShoppingTests.xctest */,
				5DDC34BA2A06FB1D0000045F /* FinalShoppingUITests.xctest */,
			);
			name = Products;
			sourceTree = "<group>";
		};
		5DDC34992A06FB1C0000045F /* FinalShopping */ = {
			isa = PBXGroup;
			children = (
				5DDC34CD2A06FC780000045F /* AppDelegate */,
				5DDC34CE2A06FC880000045F /* FirstPage */,
				5DDC34D42A0907BA0000045F /* Login+Register */,
				5DDC34D32A070B270000045F /* Extensions */,
				5DDC34A82A06FB1D0000045F /* LaunchScreen.storyboard */,
				5DDC34A62A06FB1D0000045F /* Assets.xcassets */,
				5DDC34AB2A06FB1D0000045F /* Info.plist */,
				5DDC34A32A06FB1C0000045F /* FinalShopping.xcdatamodeld */,
			);
			path = FinalShopping;
			sourceTree = "<group>";
		};
		5DDC34B32A06FB1D0000045F /* FinalShoppingTests */ = {
			isa = PBXGroup;
			children = (
				5DDC34B42A06FB1D0000045F /* FinalShoppingTests.swift */,
			);
			path = FinalShoppingTests;
			sourceTree = "<group>";
		};
		5DDC34BD2A06FB1D0000045F /* FinalShoppingUITests */ = {
			isa = PBXGroup;
			children = (
				5DDC34BE2A06FB1D0000045F /* FinalShoppingUITests.swift */,
				5DDC34C02A06FB1D0000045F /* FinalShoppingUITestsLaunchTests.swift */,
			);
			path = FinalShoppingUITests;
			sourceTree = "<group>";
		};
		5DDC34CD2A06FC780000045F /* AppDelegate */ = {
			isa = PBXGroup;
			children = (
				5DDC349A2A06FB1C0000045F /* AppDelegate.swift */,
			);
			path = AppDelegate;
			sourceTree = "<group>";
		};
		5DDC34CE2A06FC880000045F /* FirstPage */ = {
			isa = PBXGroup;
			children = (
				5DDC349E2A06FB1C0000045F /* FirstPageVC.swift */,
			);
			path = FirstPage;
			sourceTree = "<group>";
		};
		5DDC34D32A070B270000045F /* Extensions */ = {
			isa = PBXGroup;
			children = (
				5DDC34D12A070A0E0000045F /* UIColor+Extension.swift */,
			);
			path = Extensions;
			sourceTree = "<group>";
		};
		5DDC34D42A0907BA0000045F /* Login+Register */ = {
			isa = PBXGroup;
			children = (
				5DDC34FB2A0912B00000045F /* LogoView.swift */,
				5DDC34D92A09084C0000045F /* AuthenticationVC.swift */,
			);
			path = "Login+Register";
			sourceTree = "<group>";
		};
/* End PBXGroup section */

/* Begin PBXNativeTarget section */
		5DDC34962A06FB1C0000045F /* FinalShopping */ = {
			isa = PBXNativeTarget;
			buildConfigurationList = 5DDC34C42A06FB1D0000045F /* Build configuration list for PBXNativeTarget "FinalShopping" */;
			buildPhases = (
				5DDC34932A06FB1C0000045F /* Sources */,
				5DDC34942A06FB1C0000045F /* Frameworks */,
				5DDC34952A06FB1C0000045F /* Resources */,
			);
			buildRules = (
			);
			dependencies = (
			);
			name = FinalShopping;
			productName = FinalShopping;
			productReference = 5DDC34972A06FB1C0000045F /* FinalShopping.app */;
			productType = "com.apple.product-type.application";
		};
		5DDC34AF2A06FB1D0000045F /* FinalShoppingTests */ = {
			isa = PBXNativeTarget;
			buildConfigurationList = 5DDC34C72A06FB1D0000045F /* Build configuration list for PBXNativeTarget "FinalShoppingTests" */;
			buildPhases = (
				5DDC34AC2A06FB1D0000045F /* Sources */,
				5DDC34AD2A06FB1D0000045F /* Frameworks */,
				5DDC34AE2A06FB1D0000045F /* Resources */,
			);
			buildRules = (
			);
			dependencies = (
				5DDC34B22A06FB1D0000045F /* PBXTargetDependency */,
			);
			name = FinalShoppingTests;
			productName = FinalShoppingTests;
			productReference = 5DDC34B02A06FB1D0000045F /* FinalShoppingTests.xctest */;
			productType = "com.apple.product-type.bundle.unit-test";
		};
		5DDC34B92A06FB1D0000045F /* FinalShoppingUITests */ = {
			isa = PBXNativeTarget;
			buildConfigurationList = 5DDC34CA2A06FB1D0000045F /* Build configuration list for PBXNativeTarget "FinalShoppingUITests" */;
			buildPhases = (
				5DDC34B62A06FB1D0000045F /* Sources */,
				5DDC34B72A06FB1D0000045F /* Frameworks */,
				5DDC34B82A06FB1D0000045F /* Resources */,
			);
			buildRules = (
			);
			dependencies = (
				5DDC34BC2A06FB1D0000045F /* PBXTargetDependency */,
			);
			name = FinalShoppingUITests;
			productName = FinalShoppingUITests;
			productReference = 5DDC34BA2A06FB1D0000045F /* FinalShoppingUITests.xctest */;
			productType = "com.apple.product-type.bundle.ui-testing";
		};
/* End PBXNativeTarget section */

/* Begin PBXProject section */
		5DDC348F2A06FB1C0000045F /* Project object */ = {
			isa = PBXProject;
			attributes = {
				BuildIndependentTargetsInParallel = 1;
				LastSwiftUpdateCheck = 1430;
				LastUpgradeCheck = 1430;
				TargetAttributes = {
					5DDC34962A06FB1C0000045F = {
						CreatedOnToolsVersion = 14.3;
					};
					5DDC34AF2A06FB1D0000045F = {
						CreatedOnToolsVersion = 14.3;
						TestTargetID = 5DDC34962A06FB1C0000045F;
					};
					5DDC34B92A06FB1D0000045F = {
						CreatedOnToolsVersion = 14.3;
						TestTargetID = 5DDC34962A06FB1C0000045F;
					};
				};
			};
			buildConfigurationList = 5DDC34922A06FB1C0000045F /* Build configuration list for PBXProject "FinalShopping" */;
			compatibilityVersion = "Xcode 14.0";
			developmentRegion = en;
			hasScannedForEncodings = 0;
			knownRegions = (
				en,
				Base,
			);
			mainGroup = 5DDC348E2A06FB1C0000045F;
			productRefGroup = 5DDC34982A06FB1C0000045F /* Products */;
			projectDirPath = "";
			projectRoot = "";
			targets = (
				5DDC34962A06FB1C0000045F /* FinalShopping */,
				5DDC34AF2A06FB1D0000045F /* FinalShoppingTests */,
				5DDC34B92A06FB1D0000045F /* FinalShoppingUITests */,
			);
		};
/* End PBXProject section */

/* Begin PBXResourcesBuildPhase section */
		5DDC34952A06FB1C0000045F /* Resources */ = {
			isa = PBXResourcesBuildPhase;
			buildActionMask = 2147483647;
			files = (
				5DDC34AA2A06FB1D0000045F /* LaunchScreen.storyboard in Resources */,
				5DDC34A72A06FB1D0000045F /* Assets.xcassets in Resources */,
			);
			runOnlyForDeploymentPostprocessing = 0;
		};
		5DDC34AE2A06FB1D0000045F /* Resources */ = {
			isa = PBXResourcesBuildPhase;
			buildActionMask = 2147483647;
			files = (
			);
			runOnlyForDeploymentPostprocessing = 0;
		};
		5DDC34B82A06FB1D0000045F /* Resources */ = {
			isa = PBXResourcesBuildPhase;
			buildActionMask = 2147483647;
			files = (
			);
			runOnlyForDeploymentPostprocessing = 0;
		};
/* End PBXResourcesBuildPhase section */

/* Begin PBXSourcesBuildPhase section */
		5DDC34932A06FB1C0000045F /* Sources */ = {
			isa = PBXSourcesBuildPhase;
			buildActionMask = 2147483647;
			files = (
				5DDC34A52A06FB1C0000045F /* FinalShopping.xcdatamodeld in Sources */,
				5DDC34FC2A0912B00000045F /* LogoView.swift in Sources */,
				5DDC349F2A06FB1C0000045F /* FirstPageVC.swift in Sources */,
				5DDC349B2A06FB1C0000045F /* AppDelegate.swift in Sources */,
				5DDC34D22A070A0E0000045F /* UIColor+Extension.swift in Sources */,
				5DDC34DA2A09084C0000045F /* AuthenticationVC.swift in Sources */,
			);
			runOnlyForDeploymentPostprocessing = 0;
		};
		5DDC34AC2A06FB1D0000045F /* Sources */ = {
			isa = PBXSourcesBuildPhase;
			buildActionMask = 2147483647;
			files = (
				5DDC34B52A06FB1D0000045F /* FinalShoppingTests.swift in Sources */,
			);
			runOnlyForDeploymentPostprocessing = 0;
		};
		5DDC34B62A06FB1D0000045F /* Sources */ = {
			isa = PBXSourcesBuildPhase;
			buildActionMask = 2147483647;
			files = (
				5DDC34BF2A06FB1D0000045F /* FinalShoppingUITests.swift in Sources */,
				5DDC34C12A06FB1D0000045F /* FinalShoppingUITestsLaunchTests.swift in Sources */,
			);
			runOnlyForDeploymentPostprocessing = 0;
		};
/* End PBXSourcesBuildPhase section */

/* Begin PBXTargetDependency section */
		5DDC34B22A06FB1D0000045F /* PBXTargetDependency */ = {
			isa = PBXTargetDependency;
			target = 5DDC34962A06FB1C0000045F /* FinalShopping */;
			targetProxy = 5DDC34B12A06FB1D0000045F /* PBXContainerItemProxy */;
		};
		5DDC34BC2A06FB1D0000045F /* PBXTargetDependency */ = {
			isa = PBXTargetDependency;
			target = 5DDC34962A06FB1C0000045F /* FinalShopping */;
			targetProxy = 5DDC34BB2A06FB1D0000045F /* PBXContainerItemProxy */;
		};
/* End PBXTargetDependency section */

/* Begin PBXVariantGroup section */
		5DDC34A82A06FB1D0000045F /* LaunchScreen.storyboard */ = {
			isa = PBXVariantGroup;
			children = (
				5DDC34A92A06FB1D0000045F /* Base */,
			);
			name = LaunchScreen.storyboard;
			sourceTree = "<group>";
		};
/* End PBXVariantGroup section */

/* Begin XCBuildConfiguration section */
		5DDC34C22A06FB1D0000045F /* Debug */ = {
			isa = XCBuildConfiguration;
			buildSettings = {
				ALWAYS_SEARCH_USER_PATHS = NO;
				CLANG_ANALYZER_NONNULL = YES;
				CLANG_ANALYZER_NUMBER_OBJECT_CONVERSION = YES_AGGRESSIVE;
				CLANG_CXX_LANGUAGE_STANDARD = "gnu++20";
				CLANG_ENABLE_MODULES = YES;
				CLANG_ENABLE_OBJC_ARC = YES;
				CLANG_ENABLE_OBJC_WEAK = YES;
				CLANG_WARN_BLOCK_CAPTURE_AUTORELEASING = YES;
				CLANG_WARN_BOOL_CONVERSION = YES;
				CLANG_WARN_COMMA = YES;
				CLANG_WARN_CONSTANT_CONVERSION = YES;
				CLANG_WARN_DEPRECATED_OBJC_IMPLEMENTATIONS = YES;
				CLANG_WARN_DIRECT_OBJC_ISA_USAGE = YES_ERROR;
				CLANG_WARN_DOCUMENTATION_COMMENTS = YES;
				CLANG_WARN_EMPTY_BODY = YES;
				CLANG_WARN_ENUM_CONVERSION = YES;
				CLANG_WARN_INFINITE_RECURSION = YES;
				CLANG_WARN_INT_CONVERSION = YES;
				CLANG_WARN_NON_LITERAL_NULL_CONVERSION = YES;
				CLANG_WARN_OBJC_IMPLICIT_RETAIN_SELF = YES;
				CLANG_WARN_OBJC_LITERAL_CONVERSION = YES;
				CLANG_WARN_OBJC_ROOT_CLASS = YES_ERROR;
				CLANG_WARN_QUOTED_INCLUDE_IN_FRAMEWORK_HEADER = YES;
				CLANG_WARN_RANGE_LOOP_ANALYSIS = YES;
				CLANG_WARN_STRICT_PROTOTYPES = YES;
				CLANG_WARN_SUSPICIOUS_MOVE = YES;
				CLANG_WARN_UNGUARDED_AVAILABILITY = YES_AGGRESSIVE;
				CLANG_WARN_UNREACHABLE_CODE = YES;
				CLANG_WARN__DUPLICATE_METHOD_MATCH = YES;
				COPY_PHASE_STRIP = NO;
				DEBUG_INFORMATION_FORMAT = dwarf;
				ENABLE_STRICT_OBJC_MSGSEND = YES;
				ENABLE_TESTABILITY = YES;
				GCC_C_LANGUAGE_STANDARD = gnu11;
				GCC_DYNAMIC_NO_PIC = NO;
				GCC_NO_COMMON_BLOCKS = YES;
				GCC_OPTIMIZATION_LEVEL = 0;
				GCC_PREPROCESSOR_DEFINITIONS = (
					"DEBUG=1",
					"$(inherited)",
				);
				GCC_WARN_64_TO_32_BIT_CONVERSION = YES;
				GCC_WARN_ABOUT_RETURN_TYPE = YES_ERROR;
				GCC_WARN_UNDECLARED_SELECTOR = YES;
				GCC_WARN_UNINITIALIZED_AUTOS = YES_AGGRESSIVE;
				GCC_WARN_UNUSED_FUNCTION = YES;
				GCC_WARN_UNUSED_VARIABLE = YES;
				IPHONEOS_DEPLOYMENT_TARGET = 16.4;
				MTL_ENABLE_DEBUG_INFO = INCLUDE_SOURCE;
				MTL_FAST_MATH = YES;
				ONLY_ACTIVE_ARCH = YES;
				SDKROOT = iphoneos;
				SWIFT_ACTIVE_COMPILATION_CONDITIONS = DEBUG;
				SWIFT_OPTIMIZATION_LEVEL = "-Onone";
			};
			name = Debug;
		};
		5DDC34C32A06FB1D0000045F /* Release */ = {
			isa = XCBuildConfiguration;
			buildSettings = {
				ALWAYS_SEARCH_USER_PATHS = NO;
				CLANG_ANALYZER_NONNULL = YES;
				CLANG_ANALYZER_NUMBER_OBJECT_CONVERSION = YES_AGGRESSIVE;
				CLANG_CXX_LANGUAGE_STANDARD = "gnu++20";
				CLANG_ENABLE_MODULES = YES;
				CLANG_ENABLE_OBJC_ARC = YES;
				CLANG_ENABLE_OBJC_WEAK = YES;
				CLANG_WARN_BLOCK_CAPTURE_AUTORELEASING = YES;
				CLANG_WARN_BOOL_CONVERSION = YES;
				CLANG_WARN_COMMA = YES;
				CLANG_WARN_CONSTANT_CONVERSION = YES;
				CLANG_WARN_DEPRECATED_OBJC_IMPLEMENTATIONS = YES;
				CLANG_WARN_DIRECT_OBJC_ISA_USAGE = YES_ERROR;
				CLANG_WARN_DOCUMENTATION_COMMENTS = YES;
				CLANG_WARN_EMPTY_BODY = YES;
				CLANG_WARN_ENUM_CONVERSION = YES;
				CLANG_WARN_INFINITE_RECURSION = YES;
				CLANG_WARN_INT_CONVERSION = YES;
				CLANG_WARN_NON_LITERAL_NULL_CONVERSION = YES;
				CLANG_WARN_OBJC_IMPLICIT_RETAIN_SELF = YES;
				CLANG_WARN_OBJC_LITERAL_CONVERSION = YES;
				CLANG_WARN_OBJC_ROOT_CLASS = YES_ERROR;
				CLANG_WARN_QUOTED_INCLUDE_IN_FRAMEWORK_HEADER = YES;
				CLANG_WARN_RANGE_LOOP_ANALYSIS = YES;
				CLANG_WARN_STRICT_PROTOTYPES = YES;
				CLANG_WARN_SUSPICIOUS_MOVE = YES;
				CLANG_WARN_UNGUARDED_AVAILABILITY = YES_AGGRESSIVE;
				CLANG_WARN_UNREACHABLE_CODE = YES;
				CLANG_WARN__DUPLICATE_METHOD_MATCH = YES;
				COPY_PHASE_STRIP = NO;
				DEBUG_INFORMATION_FORMAT = "dwarf-with-dsym";
				ENABLE_NS_ASSERTIONS = NO;
				ENABLE_STRICT_OBJC_MSGSEND = YES;
				GCC_C_LANGUAGE_STANDARD = gnu11;
				GCC_NO_COMMON_BLOCKS = YES;
				GCC_WARN_64_TO_32_BIT_CONVERSION = YES;
				GCC_WARN_ABOUT_RETURN_TYPE = YES_ERROR;
				GCC_WARN_UNDECLARED_SELECTOR = YES;
				GCC_WARN_UNINITIALIZED_AUTOS = YES_AGGRESSIVE;
				GCC_WARN_UNUSED_FUNCTION = YES;
				GCC_WARN_UNUSED_VARIABLE = YES;
				IPHONEOS_DEPLOYMENT_TARGET = 16.4;
				MTL_ENABLE_DEBUG_INFO = NO;
				MTL_FAST_MATH = YES;
				SDKROOT = iphoneos;
				SWIFT_COMPILATION_MODE = wholemodule;
				SWIFT_OPTIMIZATION_LEVEL = "-O";
				VALIDATE_PRODUCT = YES;
			};
			name = Release;
		};
		5DDC34C52A06FB1D0000045F /* Debug */ = {
			isa = XCBuildConfiguration;
			buildSettings = {
				ASSETCATALOG_COMPILER_APPICON_NAME = AppIcon;
				ASSETCATALOG_COMPILER_GLOBAL_ACCENT_COLOR_NAME = AccentColor;
				CODE_SIGN_STYLE = Automatic;
				CURRENT_PROJECT_VERSION = 1;
				DEVELOPMENT_TEAM = N6PQF93RKP;
				GENERATE_INFOPLIST_FILE = YES;
				INFOPLIST_FILE = FinalShopping/Info.plist;
				INFOPLIST_KEY_UIApplicationSupportsIndirectInputEvents = YES;
				INFOPLIST_KEY_UILaunchStoryboardName = LaunchScreen;
				INFOPLIST_KEY_UISupportedInterfaceOrientations = UIInterfaceOrientationPortrait;
				LD_RUNPATH_SEARCH_PATHS = (
					"$(inherited)",
					"@executable_path/Frameworks",
				);
				MARKETING_VERSION = 1.0;
				PRODUCT_BUNDLE_IDENTIFIER = com.nat.FinalShopping;
				PRODUCT_NAME = "$(TARGET_NAME)";
				SWIFT_EMIT_LOC_STRINGS = YES;
				SWIFT_VERSION = 5.0;
				TARGETED_DEVICE_FAMILY = "1,2";
			};
			name = Debug;
		};
		5DDC34C62A06FB1D0000045F /* Release */ = {
			isa = XCBuildConfiguration;
			buildSettings = {
				ASSETCATALOG_COMPILER_APPICON_NAME = AppIcon;
				ASSETCATALOG_COMPILER_GLOBAL_ACCENT_COLOR_NAME = AccentColor;
				CODE_SIGN_STYLE = Automatic;
				CURRENT_PROJECT_VERSION = 1;
				DEVELOPMENT_TEAM = N6PQF93RKP;
				GENERATE_INFOPLIST_FILE = YES;
				INFOPLIST_FILE = FinalShopping/Info.plist;
				INFOPLIST_KEY_UIApplicationSupportsIndirectInputEvents = YES;
				INFOPLIST_KEY_UILaunchStoryboardName = LaunchScreen;
				INFOPLIST_KEY_UISupportedInterfaceOrientations = UIInterfaceOrientationPortrait;
				LD_RUNPATH_SEARCH_PATHS = (
					"$(inherited)",
					"@executable_path/Frameworks",
				);
				MARKETING_VERSION = 1.0;
				PRODUCT_BUNDLE_IDENTIFIER = com.nat.FinalShopping;
				PRODUCT_NAME = "$(TARGET_NAME)";
				SWIFT_EMIT_LOC_STRINGS = YES;
				SWIFT_VERSION = 5.0;
				TARGETED_DEVICE_FAMILY = "1,2";
			};
			name = Release;
		};
		5DDC34C82A06FB1D0000045F /* Debug */ = {
			isa = XCBuildConfiguration;
			buildSettings = {
				ALWAYS_EMBED_SWIFT_STANDARD_LIBRARIES = YES;
				BUNDLE_LOADER = "$(TEST_HOST)";
				CODE_SIGN_STYLE = Automatic;
				CURRENT_PROJECT_VERSION = 1;
				DEVELOPMENT_TEAM = N6PQF93RKP;
				GENERATE_INFOPLIST_FILE = YES;
				IPHONEOS_DEPLOYMENT_TARGET = 16.4;
				MARKETING_VERSION = 1.0;
				PRODUCT_BUNDLE_IDENTIFIER = com.nat.FinalShoppingTests;
				PRODUCT_NAME = "$(TARGET_NAME)";
				SWIFT_EMIT_LOC_STRINGS = NO;
				SWIFT_VERSION = 5.0;
				TARGETED_DEVICE_FAMILY = "1,2";
				TEST_HOST = "$(BUILT_PRODUCTS_DIR)/FinalShopping.app/$(BUNDLE_EXECUTABLE_FOLDER_PATH)/FinalShopping";
			};
			name = Debug;
		};
		5DDC34C92A06FB1D0000045F /* Release */ = {
			isa = XCBuildConfiguration;
			buildSettings = {
				ALWAYS_EMBED_SWIFT_STANDARD_LIBRARIES = YES;
				BUNDLE_LOADER = "$(TEST_HOST)";
				CODE_SIGN_STYLE = Automatic;
				CURRENT_PROJECT_VERSION = 1;
				DEVELOPMENT_TEAM = N6PQF93RKP;
				GENERATE_INFOPLIST_FILE = YES;
				IPHONEOS_DEPLOYMENT_TARGET = 16.4;
				MARKETING_VERSION = 1.0;
				PRODUCT_BUNDLE_IDENTIFIER = com.nat.FinalShoppingTests;
				PRODUCT_NAME = "$(TARGET_NAME)";
				SWIFT_EMIT_LOC_STRINGS = NO;
				SWIFT_VERSION = 5.0;
				TARGETED_DEVICE_FAMILY = "1,2";
				TEST_HOST = "$(BUILT_PRODUCTS_DIR)/FinalShopping.app/$(BUNDLE_EXECUTABLE_FOLDER_PATH)/FinalShopping";
			};
			name = Release;
		};
		5DDC34CB2A06FB1D0000045F /* Debug */ = {
			isa = XCBuildConfiguration;
			buildSettings = {
				ALWAYS_EMBED_SWIFT_STANDARD_LIBRARIES = YES;
				CODE_SIGN_STYLE = Automatic;
				CURRENT_PROJECT_VERSION = 1;
				DEVELOPMENT_TEAM = N6PQF93RKP;
				GENERATE_INFOPLIST_FILE = YES;
				MARKETING_VERSION = 1.0;
				PRODUCT_BUNDLE_IDENTIFIER = com.nat.FinalShoppingUITests;
				PRODUCT_NAME = "$(TARGET_NAME)";
				SWIFT_EMIT_LOC_STRINGS = NO;
				SWIFT_VERSION = 5.0;
				TARGETED_DEVICE_FAMILY = "1,2";
				TEST_TARGET_NAME = FinalShopping;
			};
			name = Debug;
		};
		5DDC34CC2A06FB1D0000045F /* Release */ = {
			isa = XCBuildConfiguration;
			buildSettings = {
				ALWAYS_EMBED_SWIFT_STANDARD_LIBRARIES = YES;
				CODE_SIGN_STYLE = Automatic;
				CURRENT_PROJECT_VERSION = 1;
				DEVELOPMENT_TEAM = N6PQF93RKP;
				GENERATE_INFOPLIST_FILE = YES;
				MARKETING_VERSION = 1.0;
				PRODUCT_BUNDLE_IDENTIFIER = com.nat.FinalShoppingUITests;
				PRODUCT_NAME = "$(TARGET_NAME)";
				SWIFT_EMIT_LOC_STRINGS = NO;
				SWIFT_VERSION = 5.0;
				TARGETED_DEVICE_FAMILY = "1,2";
				TEST_TARGET_NAME = FinalShopping;
			};
			name = Release;
		};
/* End XCBuildConfiguration section */

/* Begin XCConfigurationList section */
		5DDC34922A06FB1C0000045F /* Build configuration list for PBXProject "FinalShopping" */ = {
			isa = XCConfigurationList;
			buildConfigurations = (
				5DDC34C22A06FB1D0000045F /* Debug */,
				5DDC34C32A06FB1D0000045F /* Release */,
			);
			defaultConfigurationIsVisible = 0;
			defaultConfigurationName = Release;
		};
		5DDC34C42A06FB1D0000045F /* Build configuration list for PBXNativeTarget "FinalShopping" */ = {
			isa = XCConfigurationList;
			buildConfigurations = (
				5DDC34C52A06FB1D0000045F /* Debug */,
				5DDC34C62A06FB1D0000045F /* Release */,
			);
			defaultConfigurationIsVisible = 0;
			defaultConfigurationName = Release;
		};
		5DDC34C72A06FB1D0000045F /* Build configuration list for PBXNativeTarget "FinalShoppingTests" */ = {
			isa = XCConfigurationList;
			buildConfigurations = (
				5DDC34C82A06FB1D0000045F /* Debug */,
				5DDC34C92A06FB1D0000045F /* Release */,
			);
			defaultConfigurationIsVisible = 0;
			defaultConfigurationName = Release;
		};
		5DDC34CA2A06FB1D0000045F /* Build configuration list for PBXNativeTarget "FinalShoppingUITests" */ = {
			isa = XCConfigurationList;
			buildConfigurations = (
				5DDC34CB2A06FB1D0000045F /* Debug */,
				5DDC34CC2A06FB1D0000045F /* Release */,
			);
			defaultConfigurationIsVisible = 0;
			defaultConfigurationName = Release;
		};
/* End XCConfigurationList section */

/* Begin XCVersionGroup section */
		5DDC34A32A06FB1C0000045F /* FinalShopping.xcdatamodeld */ = {
			isa = XCVersionGroup;
			children = (
				5DDC34A42A06FB1C0000045F /* FinalShopping.xcdatamodel */,
			);
			currentVersion = 5DDC34A42A06FB1C0000045F /* FinalShopping.xcdatamodel */;
			path = FinalShopping.xcdatamodeld;
			sourceTree = "<group>";
			versionGroupType = wrapper.xcdatamodel;
		};
/* End XCVersionGroup section */
	};
	rootObject = 5DDC348F2A06FB1C0000045F /* Project object */;
}
