// !$*UTF8*$!
{
	archiveVersion = 1;
	classes = {
	};
	objectVersion = 56;
	objects = {

/* Begin PBXBuildFile section */
		5D3633962A0E437800032723 /* SummaryVM.swift in Sources */ = {isa = PBXBuildFile; fileRef = 5D3633952A0E437800032723 /* SummaryVM.swift */; };
		5D48C3212A0D0FD00014B0F3 /* ShoppingCellVM.swift in Sources */ = {isa = PBXBuildFile; fileRef = 5D48C3202A0D0FD00014B0F3 /* ShoppingCellVM.swift */; };
		5D48C3232A0D429F0014B0F3 /* SummaryCell.swift in Sources */ = {isa = PBXBuildFile; fileRef = 5D48C3222A0D429F0014B0F3 /* SummaryCell.swift */; };
		5D48C3252A0D615E0014B0F3 /* BusketModel.swift in Sources */ = {isa = PBXBuildFile; fileRef = 5D48C3242A0D615E0014B0F3 /* BusketModel.swift */; };
		5D48C3282A0E3A980014B0F3 /* Kingfisher in Frameworks */ = {isa = PBXBuildFile; productRef = 5D48C3272A0E3A980014B0F3 /* Kingfisher */; };
		5D71623A2A0A717B0064DA54 /* RegisterVC.swift in Sources */ = {isa = PBXBuildFile; fileRef = 5D7162392A0A717B0064DA54 /* RegisterVC.swift */; };
		5D71623C2A0A878C0064DA54 /* GoogleService-Info.plist in Resources */ = {isa = PBXBuildFile; fileRef = 5D71623B2A0A878C0064DA54 /* GoogleService-Info.plist */; };
		5D71623F2A0A88400064DA54 /* FirebaseAuth in Frameworks */ = {isa = PBXBuildFile; productRef = 5D71623E2A0A88400064DA54 /* FirebaseAuth */; };
		5D7162412A0A88400064DA54 /* FirebaseFirestore in Frameworks */ = {isa = PBXBuildFile; productRef = 5D7162402A0A88400064DA54 /* FirebaseFirestore */; };
		5D7162442A0ABDA50064DA54 /* NetworkManager.swift in Sources */ = {isa = PBXBuildFile; fileRef = 5D7162432A0ABDA50064DA54 /* NetworkManager.swift */; };
		5D7162462A0ABDEA0064DA54 /* NetworkCheck.swift in Sources */ = {isa = PBXBuildFile; fileRef = 5D7162452A0ABDEA0064DA54 /* NetworkCheck.swift */; };
		5D71626A2A0AC16F0064DA54 /* ShoppingCell.swift in Sources */ = {isa = PBXBuildFile; fileRef = 5D7162692A0AC16F0064DA54 /* ShoppingCell.swift */; };
		5DC5B1732A0A66F600B3B140 /* PaymentResult.swift in Sources */ = {isa = PBXBuildFile; fileRef = 5DC5B1722A0A66F600B3B140 /* PaymentResult.swift */; };
		5DC5B1762A0A6A4A00B3B140 /* SummaryVC.swift in Sources */ = {isa = PBXBuildFile; fileRef = 5DC5B1752A0A6A4A00B3B140 /* SummaryVC.swift */; };
		5DCFFD592A0B897300DB39F0 /* ApiModel.swift in Sources */ = {isa = PBXBuildFile; fileRef = 5DCFFD582A0B897300DB39F0 /* ApiModel.swift */; };
		5DCFFD5C2A0B97B000DB39F0 /* Utilities.swift in Sources */ = {isa = PBXBuildFile; fileRef = 5DCFFD5B2A0B97B000DB39F0 /* Utilities.swift */; };
		5DCFFD5E2A0B984400DB39F0 /* SetupButton.swift in Sources */ = {isa = PBXBuildFile; fileRef = 5DCFFD5D2A0B984400DB39F0 /* SetupButton.swift */; };
		5DCFFD602A0B9C5200DB39F0 /* SetupTextField.swift in Sources */ = {isa = PBXBuildFile; fileRef = 5DCFFD5F2A0B9C5200DB39F0 /* SetupTextField.swift */; };
		5DCFFD632A0C0E0000DB39F0 /* ShoppingVM.swift in Sources */ = {isa = PBXBuildFile; fileRef = 5DCFFD622A0C0E0000DB39F0 /* ShoppingVM.swift */; };
		5DDC349B2A06FB1C0000045F /* AppDelegate.swift in Sources */ = {isa = PBXBuildFile; fileRef = 5DDC349A2A06FB1C0000045F /* AppDelegate.swift */; };
		5DDC349F2A06FB1C0000045F /* FirstPageVC.swift in Sources */ = {isa = PBXBuildFile; fileRef = 5DDC349E2A06FB1C0000045F /* FirstPageVC.swift */; };
		5DDC34A52A06FB1C0000045F /* FinalShopping.xcdatamodeld in Sources */ = {isa = PBXBuildFile; fileRef = 5DDC34A32A06FB1C0000045F /* FinalShopping.xcdatamodeld */; };
		5DDC34A72A06FB1D0000045F /* Assets.xcassets in Resources */ = {isa = PBXBuildFile; fileRef = 5DDC34A62A06FB1D0000045F /* Assets.xcassets */; };
		5DDC34AA2A06FB1D0000045F /* LaunchScreen.storyboard in Resources */ = {isa = PBXBuildFile; fileRef = 5DDC34A82A06FB1D0000045F /* LaunchScreen.storyboard */; };
		5DDC34B52A06FB1D0000045F /* FinalShoppingTests.swift in Sources */ = {isa = PBXBuildFile; fileRef = 5DDC34B42A06FB1D0000045F /* FinalShoppingTests.swift */; };
		5DDC34BF2A06FB1D0000045F /* FinalShoppingUITests.swift in Sources */ = {isa = PBXBuildFile; fileRef = 5DDC34BE2A06FB1D0000045F /* FinalShoppingUITests.swift */; };
		5DDC34C12A06FB1D0000045F /* FinalShoppingUITestsLaunchTests.swift in Sources */ = {isa = PBXBuildFile; fileRef = 5DDC34C02A06FB1D0000045F /* FinalShoppingUITestsLaunchTests.swift */; };
		5DDC34D22A070A0E0000045F /* UIColor+Extension.swift in Sources */ = {isa = PBXBuildFile; fileRef = 5DDC34D12A070A0E0000045F /* UIColor+Extension.swift */; };
		5DDC34DA2A09084C0000045F /* LoginVC.swift in Sources */ = {isa = PBXBuildFile; fileRef = 5DDC34D92A09084C0000045F /* LoginVC.swift */; };
		5DDC34FC2A0912B00000045F /* LogoView.swift in Sources */ = {isa = PBXBuildFile; fileRef = 5DDC34FB2A0912B00000045F /* LogoView.swift */; };
		5DFA6A092A0ED36900331F19 /* CoreProduct+CoreDataClass.swift in Sources */ = {isa = PBXBuildFile; fileRef = 5DFA6A052A0ED36900331F19 /* CoreProduct+CoreDataClass.swift */; };
		5DFA6A0A2A0ED36900331F19 /* CoreProduct+CoreDataProperties.swift in Sources */ = {isa = PBXBuildFile; fileRef = 5DFA6A062A0ED36900331F19 /* CoreProduct+CoreDataProperties.swift */; };
		5DFA6A0B2A0ED36900331F19 /* CoreProductModel+CoreDataClass.swift in Sources */ = {isa = PBXBuildFile; fileRef = 5DFA6A072A0ED36900331F19 /* CoreProductModel+CoreDataClass.swift */; };
		5DFA6A0C2A0ED36900331F19 /* CoreProductModel+CoreDataProperties.swift in Sources */ = {isa = PBXBuildFile; fileRef = 5DFA6A082A0ED36900331F19 /* CoreProductModel+CoreDataProperties.swift */; };
		5DFB51222A09267C00878F08 /* ShoppingVC.swift in Sources */ = {isa = PBXBuildFile; fileRef = 5DFB51212A09267C00878F08 /* ShoppingVC.swift */; };
		5DFB51242A09270800878F08 /* ShoppingBottomView.swift in Sources */ = {isa = PBXBuildFile; fileRef = 5DFB51232A09270800878F08 /* ShoppingBottomView.swift */; };
		5DFB51292A092D6F00878F08 /* SummaryView.swift in Sources */ = {isa = PBXBuildFile; fileRef = 5DFB51282A092D6F00878F08 /* SummaryView.swift */; };
/* End PBXBuildFile section */

/* Begin PBXContainerItemProxy section */
		5DDC34B12A06FB1D0000045F /* PBXContainerItemProxy */ = {
			isa = PBXContainerItemProxy;
			containerPortal = 5DDC348F2A06FB1C0000045F /* Project object */;
			proxyType = 1;
			remoteGlobalIDString = 5DDC34962A06FB1C0000045F;
			remoteInfo = FinalShopping;
		};
		5DDC34BB2A06FB1D0000045F /* PBXContainerItemProxy */ = {
			isa = PBXContainerItemProxy;
			containerPortal = 5DDC348F2A06FB1C0000045F /* Project object */;
			proxyType = 1;
			remoteGlobalIDString = 5DDC34962A06FB1C0000045F;
			remoteInfo = FinalShopping;
		};
/* End PBXContainerItemProxy section */

/* Begin PBXFileReference section */
		5D3633952A0E437800032723 /* SummaryVM.swift */ = {isa = PBXFileReference; lastKnownFileType = sourcecode.swift; path = SummaryVM.swift; sourceTree = "<group>"; };
		5D48C31F2A0CED940014B0F3 /* FinalShopping.xctestplan */ = {isa = PBXFileReference; lastKnownFileType = text; path = FinalShopping.xctestplan; sourceTree = "<group>"; };
		5D48C3202A0D0FD00014B0F3 /* ShoppingCellVM.swift */ = {isa = PBXFileReference; lastKnownFileType = sourcecode.swift; path = ShoppingCellVM.swift; sourceTree = "<group>"; };
		5D48C3222A0D429F0014B0F3 /* SummaryCell.swift */ = {isa = PBXFileReference; lastKnownFileType = sourcecode.swift; path = SummaryCell.swift; sourceTree = "<group>"; };
		5D48C3242A0D615E0014B0F3 /* BusketModel.swift */ = {isa = PBXFileReference; lastKnownFileType = sourcecode.swift; path = BusketModel.swift; sourceTree = "<group>"; };
		5D7162392A0A717B0064DA54 /* RegisterVC.swift */ = {isa = PBXFileReference; lastKnownFileType = sourcecode.swift; path = RegisterVC.swift; sourceTree = "<group>"; };
		5D71623B2A0A878C0064DA54 /* GoogleService-Info.plist */ = {isa = PBXFileReference; fileEncoding = 4; lastKnownFileType = text.plist.xml; path = "GoogleService-Info.plist"; sourceTree = "<group>"; };
		5D7162432A0ABDA50064DA54 /* NetworkManager.swift */ = {isa = PBXFileReference; lastKnownFileType = sourcecode.swift; path = NetworkManager.swift; sourceTree = "<group>"; };
		5D7162452A0ABDEA0064DA54 /* NetworkCheck.swift */ = {isa = PBXFileReference; lastKnownFileType = sourcecode.swift; path = NetworkCheck.swift; sourceTree = "<group>"; };
		5D7162692A0AC16F0064DA54 /* ShoppingCell.swift */ = {isa = PBXFileReference; lastKnownFileType = sourcecode.swift; path = ShoppingCell.swift; sourceTree = "<group>"; };
		5DC5B1722A0A66F600B3B140 /* PaymentResult.swift */ = {isa = PBXFileReference; lastKnownFileType = sourcecode.swift; path = PaymentResult.swift; sourceTree = "<group>"; };
		5DC5B1752A0A6A4A00B3B140 /* SummaryVC.swift */ = {isa = PBXFileReference; lastKnownFileType = sourcecode.swift; path = SummaryVC.swift; sourceTree = "<group>"; };
		5DCFFD582A0B897300DB39F0 /* ApiModel.swift */ = {isa = PBXFileReference; lastKnownFileType = sourcecode.swift; path = ApiModel.swift; sourceTree = "<group>"; };
		5DCFFD5B2A0B97B000DB39F0 /* Utilities.swift */ = {isa = PBXFileReference; lastKnownFileType = sourcecode.swift; path = Utilities.swift; sourceTree = "<group>"; };
		5DCFFD5D2A0B984400DB39F0 /* SetupButton.swift */ = {isa = PBXFileReference; lastKnownFileType = sourcecode.swift; path = SetupButton.swift; sourceTree = "<group>"; };
		5DCFFD5F2A0B9C5200DB39F0 /* SetupTextField.swift */ = {isa = PBXFileReference; lastKnownFileType = sourcecode.swift; path = SetupTextField.swift; sourceTree = "<group>"; };
		5DCFFD622A0C0E0000DB39F0 /* ShoppingVM.swift */ = {isa = PBXFileReference; lastKnownFileType = sourcecode.swift; path = ShoppingVM.swift; sourceTree = "<group>"; };
		5DDC34972A06FB1C0000045F /* FinalShopping.app */ = {isa = PBXFileReference; explicitFileType = wrapper.application; includeInIndex = 0; path = FinalShopping.app; sourceTree = BUILT_PRODUCTS_DIR; };
		5DDC349A2A06FB1C0000045F /* AppDelegate.swift */ = {isa = PBXFileReference; lastKnownFileType = sourcecode.swift; path = AppDelegate.swift; sourceTree = "<group>"; };
		5DDC349E2A06FB1C0000045F /* FirstPageVC.swift */ = {isa = PBXFileReference; lastKnownFileType = sourcecode.swift; path = FirstPageVC.swift; sourceTree = "<group>"; };
		5DDC34A42A06FB1C0000045F /* FinalShopping.xcdatamodel */ = {isa = PBXFileReference; lastKnownFileType = wrapper.xcdatamodel; path = FinalShopping.xcdatamodel; sourceTree = "<group>"; };
		5DDC34A62A06FB1D0000045F /* Assets.xcassets */ = {isa = PBXFileReference; lastKnownFileType = folder.assetcatalog; path = Assets.xcassets; sourceTree = "<group>"; };
		5DDC34A92A06FB1D0000045F /* Base */ = {isa = PBXFileReference; lastKnownFileType = file.storyboard; name = Base; path = Base.lproj/LaunchScreen.storyboard; sourceTree = "<group>"; };
		5DDC34AB2A06FB1D0000045F /* Info.plist */ = {isa = PBXFileReference; lastKnownFileType = text.plist.xml; path = Info.plist; sourceTree = "<group>"; };
		5DDC34B02A06FB1D0000045F /* FinalShoppingTests.xctest */ = {isa = PBXFileReference; explicitFileType = wrapper.cfbundle; includeInIndex = 0; path = FinalShoppingTests.xctest; sourceTree = BUILT_PRODUCTS_DIR; };
		5DDC34B42A06FB1D0000045F /* FinalShoppingTests.swift */ = {isa = PBXFileReference; lastKnownFileType = sourcecode.swift; path = FinalShoppingTests.swift; sourceTree = "<group>"; };
		5DDC34BA2A06FB1D0000045F /* FinalShoppingUITests.xctest */ = {isa = PBXFileReference; explicitFileType = wrapper.cfbundle; includeInIndex = 0; path = FinalShoppingUITests.xctest; sourceTree = BUILT_PRODUCTS_DIR; };
		5DDC34BE2A06FB1D0000045F /* FinalShoppingUITests.swift */ = {isa = PBXFileReference; lastKnownFileType = sourcecode.swift; path = FinalShoppingUITests.swift; sourceTree = "<group>"; };
		5DDC34C02A06FB1D0000045F /* FinalShoppingUITestsLaunchTests.swift */ = {isa = PBXFileReference; lastKnownFileType = sourcecode.swift; path = FinalShoppingUITestsLaunchTests.swift; sourceTree = "<group>"; };
		5DDC34D12A070A0E0000045F /* UIColor+Extension.swift */ = {isa = PBXFileReference; lastKnownFileType = sourcecode.swift; path = "UIColor+Extension.swift"; sourceTree = "<group>"; };
		5DDC34D92A09084C0000045F /* LoginVC.swift */ = {isa = PBXFileReference; lastKnownFileType = sourcecode.swift; path = LoginVC.swift; sourceTree = "<group>"; };
		5DDC34FB2A0912B00000045F /* LogoView.swift */ = {isa = PBXFileReference; lastKnownFileType = sourcecode.swift; path = LogoView.swift; sourceTree = "<group>"; };
		5DFA6A052A0ED36900331F19 /* CoreProduct+CoreDataClass.swift */ = {isa = PBXFileReference; lastKnownFileType = sourcecode.swift; path = "CoreProduct+CoreDataClass.swift"; sourceTree = "<group>"; };
		5DFA6A062A0ED36900331F19 /* CoreProduct+CoreDataProperties.swift */ = {isa = PBXFileReference; lastKnownFileType = sourcecode.swift; path = "CoreProduct+CoreDataProperties.swift"; sourceTree = "<group>"; };
		5DFA6A072A0ED36900331F19 /* CoreProductModel+CoreDataClass.swift */ = {isa = PBXFileReference; lastKnownFileType = sourcecode.swift; path = "CoreProductModel+CoreDataClass.swift"; sourceTree = "<group>"; };
		5DFA6A082A0ED36900331F19 /* CoreProductModel+CoreDataProperties.swift */ = {isa = PBXFileReference; lastKnownFileType = sourcecode.swift; path = "CoreProductModel+CoreDataProperties.swift"; sourceTree = "<group>"; };
		5DFB51212A09267C00878F08 /* ShoppingVC.swift */ = {isa = PBXFileReference; lastKnownFileType = sourcecode.swift; path = ShoppingVC.swift; sourceTree = "<group>"; };
		5DFB51232A09270800878F08 /* ShoppingBottomView.swift */ = {isa = PBXFileReference; lastKnownFileType = sourcecode.swift; path = ShoppingBottomView.swift; sourceTree = "<group>"; };
		5DFB51282A092D6F00878F08 /* SummaryView.swift */ = {isa = PBXFileReference; lastKnownFileType = sourcecode.swift; path = SummaryView.swift; sourceTree = "<group>"; };
/* End PBXFileReference section */

/* Begin PBXFrameworksBuildPhase section */
		5DDC34942A06FB1C0000045F /* Frameworks */ = {
			isa = PBXFrameworksBuildPhase;
			buildActionMask = 2147483647;
			files = (
				5D48C3282A0E3A980014B0F3 /* Kingfisher in Frameworks */,
				5D71623F2A0A88400064DA54 /* FirebaseAuth in Frameworks */,
				5D7162412A0A88400064DA54 /* FirebaseFirestore in Frameworks */,
			);
			runOnlyForDeploymentPostprocessing = 0;
		};
		5DDC34AD2A06FB1D0000045F /* Frameworks */ = {
			isa = PBXFrameworksBuildPhase;
			buildActionMask = 2147483647;
			files = (
			);
			runOnlyForDeploymentPostprocessing = 0;
		};
		5DDC34B72A06FB1D0000045F /* Frameworks */ = {
			isa = PBXFrameworksBuildPhase;
			buildActionMask = 2147483647;
			files = (
			);
			runOnlyForDeploymentPostprocessing = 0;
		};
/* End PBXFrameworksBuildPhase section */

/* Begin PBXGroup section */
		5D3633942A0E436000032723 /* ViewModel */ = {
			isa = PBXGroup;
			children = (
				5D3633952A0E437800032723 /* SummaryVM.swift */,
			);
			path = ViewModel;
			sourceTree = "<group>";
		};
		5D7162422A0ABD900064DA54 /* Networking */ = {
			isa = PBXGroup;
			children = (
				5D7162432A0ABDA50064DA54 /* NetworkManager.swift */,
				5D7162452A0ABDEA0064DA54 /* NetworkCheck.swift */,
			);
			path = Networking;
			sourceTree = "<group>";
		};
		5DC5B1712A0A66D000B3B140 /* PaymentResult */ = {
			isa = PBXGroup;
			children = (
				5DC5B1722A0A66F600B3B140 /* PaymentResult.swift */,
			);
			path = PaymentResult;
			sourceTree = "<group>";
		};
		5DCFFD572A0B895700DB39F0 /* Model */ = {
			isa = PBXGroup;
			children = (
				5DCFFD582A0B897300DB39F0 /* ApiModel.swift */,
				5D48C3242A0D615E0014B0F3 /* BusketModel.swift */,
				5DFA6A0D2A0EDFB800331F19 /* CoreDataModel */,
			);
			path = Model;
			sourceTree = "<group>";
		};
		5DCFFD5A2A0B979D00DB39F0 /* Utils */ = {
			isa = PBXGroup;
			children = (
				5DCFFD5B2A0B97B000DB39F0 /* Utilities.swift */,
			);
			path = Utils;
			sourceTree = "<group>";
		};
		5DCFFD612A0C0DE100DB39F0 /* ViewModel */ = {
			isa = PBXGroup;
			children = (
				5DCFFD622A0C0E0000DB39F0 /* ShoppingVM.swift */,
				5D48C3202A0D0FD00014B0F3 /* ShoppingCellVM.swift */,
			);
			path = ViewModel;
			sourceTree = "<group>";
		};
		5DDC348E2A06FB1C0000045F = {
			isa = PBXGroup;
			children = (
				5DDC34992A06FB1C0000045F /* FinalShopping */,
				5DDC34B32A06FB1D0000045F /* FinalShoppingTests */,
				5DDC34BD2A06FB1D0000045F /* FinalShoppingUITests */,
				5DDC34982A06FB1C0000045F /* Products */,
			);
			sourceTree = "<group>";
		};
		5DDC34982A06FB1C0000045F /* Products */ = {
			isa = PBXGroup;
			children = (
				5DDC34972A06FB1C0000045F /* FinalShopping.app */,
				5DDC34B02A06FB1D0000045F /* FinalShoppingTests.xctest */,
				5DDC34BA2A06FB1D0000045F /* FinalShoppingUITests.xctest */,
			);
			name = Products;
			sourceTree = "<group>";
		};
		5DDC34992A06FB1C0000045F /* FinalShopping */ = {
			isa = PBXGroup;
			children = (
				5DDC34CD2A06FC780000045F /* AppDelegate */,
				5DCFFD572A0B895700DB39F0 /* Model */,
				5D7162422A0ABD900064DA54 /* Networking */,
				5DDC34CE2A06FC880000045F /* FirstPage */,
				5DDC34D42A0907BA0000045F /* Login+Register */,
				5DFB51202A09261400878F08 /* MainPageShopping */,
				5DFB51252A092CFE00878F08 /* Summary */,
				5DC5B1712A0A66D000B3B140 /* PaymentResult */,
				5DCFFD5A2A0B979D00DB39F0 /* Utils */,
				5DDC34D32A070B270000045F /* Extensions */,
				5DFA6A042A0ECC3300331F19 /* Files */,
			);
			path = FinalShopping;
			sourceTree = "<group>";
		};
		5DDC34B32A06FB1D0000045F /* FinalShoppingTests */ = {
			isa = PBXGroup;
			children = (
				5DDC34B42A06FB1D0000045F /* FinalShoppingTests.swift */,
			);
			path = FinalShoppingTests;
			sourceTree = "<group>";
		};
		5DDC34BD2A06FB1D0000045F /* FinalShoppingUITests */ = {
			isa = PBXGroup;
			children = (
				5DDC34BE2A06FB1D0000045F /* FinalShoppingUITests.swift */,
				5DDC34C02A06FB1D0000045F /* FinalShoppingUITestsLaunchTests.swift */,
			);
			path = FinalShoppingUITests;
			sourceTree = "<group>";
		};
		5DDC34CD2A06FC780000045F /* AppDelegate */ = {
			isa = PBXGroup;
			children = (
				5DDC349A2A06FB1C0000045F /* AppDelegate.swift */,
			);
			path = AppDelegate;
			sourceTree = "<group>";
		};
		5DDC34CE2A06FC880000045F /* FirstPage */ = {
			isa = PBXGroup;
			children = (
				5DDC349E2A06FB1C0000045F /* FirstPageVC.swift */,
			);
			path = FirstPage;
			sourceTree = "<group>";
		};
		5DDC34D32A070B270000045F /* Extensions */ = {
			isa = PBXGroup;
			children = (
				5DDC34D12A070A0E0000045F /* UIColor+Extension.swift */,
				5DCFFD5D2A0B984400DB39F0 /* SetupButton.swift */,
				5DCFFD5F2A0B9C5200DB39F0 /* SetupTextField.swift */,
			);
			path = Extensions;
			sourceTree = "<group>";
		};
		5DDC34D42A0907BA0000045F /* Login+Register */ = {
			isa = PBXGroup;
			children = (
				5DFB512C2A093A6D00878F08 /* View */,
				5DFB512D2A093A7300878F08 /* Controller */,
			);
			path = "Login+Register";
			sourceTree = "<group>";
		};
		5DFA6A042A0ECC3300331F19 /* Files */ = {
			isa = PBXGroup;
			children = (
				5DDC34A82A06FB1D0000045F /* LaunchScreen.storyboard */,
				5DDC34A62A06FB1D0000045F /* Assets.xcassets */,
				5DDC34AB2A06FB1D0000045F /* Info.plist */,
				5D71623B2A0A878C0064DA54 /* GoogleService-Info.plist */,
				5DDC34A32A06FB1C0000045F /* FinalShopping.xcdatamodeld */,
				5D48C31F2A0CED940014B0F3 /* FinalShopping.xctestplan */,
			);
			name = Files;
			sourceTree = "<group>";
		};
		5DFA6A0D2A0EDFB800331F19 /* CoreDataModel */ = {
			isa = PBXGroup;
			children = (
				5DFA6A052A0ED36900331F19 /* CoreProduct+CoreDataClass.swift */,
				5DFA6A062A0ED36900331F19 /* CoreProduct+CoreDataProperties.swift */,
				5DFA6A072A0ED36900331F19 /* CoreProductModel+CoreDataClass.swift */,
				5DFA6A082A0ED36900331F19 /* CoreProductModel+CoreDataProperties.swift */,
			);
			path = CoreDataModel;
			sourceTree = "<group>";
		};
		5DFB51202A09261400878F08 /* MainPageShopping */ = {
			isa = PBXGroup;
			children = (
				5DFB512A2A093A5B00878F08 /* View */,
				5DCFFD612A0C0DE100DB39F0 /* ViewModel */,
				5DFB512B2A093A6300878F08 /* Controller */,
			);
			path = MainPageShopping;
			sourceTree = "<group>";
		};
		5DFB51252A092CFE00878F08 /* Summary */ = {
			isa = PBXGroup;
			children = (
				5DFB512E2A093A8200878F08 /* View */,
				5D3633942A0E436000032723 /* ViewModel */,
				5DFB512F2A093A8700878F08 /* Controller */,
			);
			path = Summary;
			sourceTree = "<group>";
		};
		5DFB512A2A093A5B00878F08 /* View */ = {
			isa = PBXGroup;
			children = (
				5DFB51232A09270800878F08 /* ShoppingBottomView.swift */,
				5D7162692A0AC16F0064DA54 /* ShoppingCell.swift */,
			);
			path = View;
			sourceTree = "<group>";
		};
		5DFB512B2A093A6300878F08 /* Controller */ = {
			isa = PBXGroup;
			children = (
				5DFB51212A09267C00878F08 /* ShoppingVC.swift */,
			);
			path = Controller;
			sourceTree = "<group>";
		};
		5DFB512C2A093A6D00878F08 /* View */ = {
			isa = PBXGroup;
			children = (
				5DDC34FB2A0912B00000045F /* LogoView.swift */,
			);
			path = View;
			sourceTree = "<group>";
		};
		5DFB512D2A093A7300878F08 /* Controller */ = {
			isa = PBXGroup;
			children = (
				5DDC34D92A09084C0000045F /* LoginVC.swift */,
				5D7162392A0A717B0064DA54 /* RegisterVC.swift */,
			);
			path = Controller;
			sourceTree = "<group>";
		};
		5DFB512E2A093A8200878F08 /* View */ = {
			isa = PBXGroup;
			children = (
				5DFB51282A092D6F00878F08 /* SummaryView.swift */,
				5D48C3222A0D429F0014B0F3 /* SummaryCell.swift */,
			);
			path = View;
			sourceTree = "<group>";
		};
		5DFB512F2A093A8700878F08 /* Controller */ = {
			isa = PBXGroup;
			children = (
				5DC5B1752A0A6A4A00B3B140 /* SummaryVC.swift */,
			);
			path = Controller;
			sourceTree = "<group>";
		};
/* End PBXGroup section */

/* Begin PBXNativeTarget section */
		5DDC34962A06FB1C0000045F /* FinalShopping */ = {
			isa = PBXNativeTarget;
			buildConfigurationList = 5DDC34C42A06FB1D0000045F /* Build configuration list for PBXNativeTarget "FinalShopping" */;
			buildPhases = (
				5DDC34932A06FB1C0000045F /* Sources */,
				5DDC34942A06FB1C0000045F /* Frameworks */,
				5DDC34952A06FB1C0000045F /* Resources */,
			);
			buildRules = (
			);
			dependencies = (
			);
			name = FinalShopping;
			packageProductDependencies = (
				5D71623E2A0A88400064DA54 /* FirebaseAuth */,
				5D7162402A0A88400064DA54 /* FirebaseFirestore */,
				5D48C3272A0E3A980014B0F3 /* Kingfisher */,
			);
			productName = FinalShopping;
			productReference = 5DDC34972A06FB1C0000045F /* FinalShopping.app */;
			productType = "com.apple.product-type.application";
		};
		5DDC34AF2A06FB1D0000045F /* FinalShoppingTests */ = {
			isa = PBXNativeTarget;
			buildConfigurationList = 5DDC34C72A06FB1D0000045F /* Build configuration list for PBXNativeTarget "FinalShoppingTests" */;
			buildPhases = (
				5DDC34AC2A06FB1D0000045F /* Sources */,
				5DDC34AD2A06FB1D0000045F /* Frameworks */,
				5DDC34AE2A06FB1D0000045F /* Resources */,
			);
			buildRules = (
			);
			dependencies = (
				5DDC34B22A06FB1D0000045F /* PBXTargetDependency */,
			);
			name = FinalShoppingTests;
			productName = FinalShoppingTests;
			productReference = 5DDC34B02A06FB1D0000045F /* FinalShoppingTests.xctest */;
			productType = "com.apple.product-type.bundle.unit-test";
		};
		5DDC34B92A06FB1D0000045F /* FinalShoppingUITests */ = {
			isa = PBXNativeTarget;
			buildConfigurationList = 5DDC34CA2A06FB1D0000045F /* Build configuration list for PBXNativeTarget "FinalShoppingUITests" */;
			buildPhases = (
				5DDC34B62A06FB1D0000045F /* Sources */,
				5DDC34B72A06FB1D0000045F /* Frameworks */,
				5DDC34B82A06FB1D0000045F /* Resources */,
			);
			buildRules = (
			);
			dependencies = (
				5DDC34BC2A06FB1D0000045F /* PBXTargetDependency */,
			);
			name = FinalShoppingUITests;
			productName = FinalShoppingUITests;
			productReference = 5DDC34BA2A06FB1D0000045F /* FinalShoppingUITests.xctest */;
			productType = "com.apple.product-type.bundle.ui-testing";
		};
/* End PBXNativeTarget section */

/* Begin PBXProject section */
		5DDC348F2A06FB1C0000045F /* Project object */ = {
			isa = PBXProject;
			attributes = {
				BuildIndependentTargetsInParallel = 1;
				LastSwiftUpdateCheck = 1430;
				LastUpgradeCheck = 1430;
				TargetAttributes = {
					5DDC34962A06FB1C0000045F = {
						CreatedOnToolsVersion = 14.3;
					};
					5DDC34AF2A06FB1D0000045F = {
						CreatedOnToolsVersion = 14.3;
						TestTargetID = 5DDC34962A06FB1C0000045F;
					};
					5DDC34B92A06FB1D0000045F = {
						CreatedOnToolsVersion = 14.3;
						TestTargetID = 5DDC34962A06FB1C0000045F;
					};
				};
			};
			buildConfigurationList = 5DDC34922A06FB1C0000045F /* Build configuration list for PBXProject "FinalShopping" */;
			compatibilityVersion = "Xcode 14.0";
			developmentRegion = en;
			hasScannedForEncodings = 0;
			knownRegions = (
				en,
				Base,
			);
			mainGroup = 5DDC348E2A06FB1C0000045F;
			packageReferences = (
				5D71623D2A0A88400064DA54 /* XCRemoteSwiftPackageReference "firebase-ios-sdk" */,
				5D48C3262A0E3A980014B0F3 /* XCRemoteSwiftPackageReference "Kingfisher" */,
			);
			productRefGroup = 5DDC34982A06FB1C0000045F /* Products */;
			projectDirPath = "";
			projectRoot = "";
			targets = (
				5DDC34962A06FB1C0000045F /* FinalShopping */,
				5DDC34AF2A06FB1D0000045F /* FinalShoppingTests */,
				5DDC34B92A06FB1D0000045F /* FinalShoppingUITests */,
			);
		};
/* End PBXProject section */

/* Begin PBXResourcesBuildPhase section */
		5DDC34952A06FB1C0000045F /* Resources */ = {
			isa = PBXResourcesBuildPhase;
			buildActionMask = 2147483647;
			files = (
				5DDC34AA2A06FB1D0000045F /* LaunchScreen.storyboard in Resources */,
				5DDC34A72A06FB1D0000045F /* Assets.xcassets in Resources */,
				5D71623C2A0A878C0064DA54 /* GoogleService-Info.plist in Resources */,
			);
			runOnlyForDeploymentPostprocessing = 0;
		};
		5DDC34AE2A06FB1D0000045F /* Resources */ = {
			isa = PBXResourcesBuildPhase;
			buildActionMask = 2147483647;
			files = (
			);
			runOnlyForDeploymentPostprocessing = 0;
		};
		5DDC34B82A06FB1D0000045F /* Resources */ = {
			isa = PBXResourcesBuildPhase;
			buildActionMask = 2147483647;
			files = (
			);
			runOnlyForDeploymentPostprocessing = 0;
		};
/* End PBXResourcesBuildPhase section */

/* Begin PBXSourcesBuildPhase section */
		5DDC34932A06FB1C0000045F /* Sources */ = {
			isa = PBXSourcesBuildPhase;
			buildActionMask = 2147483647;
			files = (
				5DDC34A52A06FB1C0000045F /* FinalShopping.xcdatamodeld in Sources */,
				5D7162462A0ABDEA0064DA54 /* NetworkCheck.swift in Sources */,
				5DFA6A0C2A0ED36900331F19 /* CoreProductModel+CoreDataProperties.swift in Sources */,
				5DDC34FC2A0912B00000045F /* LogoView.swift in Sources */,
				5DDC349F2A06FB1C0000045F /* FirstPageVC.swift in Sources */,
				5DFA6A092A0ED36900331F19 /* CoreProduct+CoreDataClass.swift in Sources */,
				5D48C3232A0D429F0014B0F3 /* SummaryCell.swift in Sources */,
				5DCFFD592A0B897300DB39F0 /* ApiModel.swift in Sources */,
				5D71626A2A0AC16F0064DA54 /* ShoppingCell.swift in Sources */,
				5DCFFD632A0C0E0000DB39F0 /* ShoppingVM.swift in Sources */,
				5D7162442A0ABDA50064DA54 /* NetworkManager.swift in Sources */,
				5DFB51242A09270800878F08 /* ShoppingBottomView.swift in Sources */,
				5DDC349B2A06FB1C0000045F /* AppDelegate.swift in Sources */,
				5DC5B1762A0A6A4A00B3B140 /* SummaryVC.swift in Sources */,
				5DCFFD5C2A0B97B000DB39F0 /* Utilities.swift in Sources */,
				5DCFFD602A0B9C5200DB39F0 /* SetupTextField.swift in Sources */,
				5DFB51222A09267C00878F08 /* ShoppingVC.swift in Sources */,
				5DFA6A0A2A0ED36900331F19 /* CoreProduct+CoreDataProperties.swift in Sources */,
				5D48C3212A0D0FD00014B0F3 /* ShoppingCellVM.swift in Sources */,
				5DDC34D22A070A0E0000045F /* UIColor+Extension.swift in Sources */,
				5D48C3252A0D615E0014B0F3 /* BusketModel.swift in Sources */,
				5DFB51292A092D6F00878F08 /* SummaryView.swift in Sources */,
				5D3633962A0E437800032723 /* SummaryVM.swift in Sources */,
				5D71623A2A0A717B0064DA54 /* RegisterVC.swift in Sources */,
				5DFA6A0B2A0ED36900331F19 /* CoreProductModel+CoreDataClass.swift in Sources */,
				5DDC34DA2A09084C0000045F /* LoginVC.swift in Sources */,
				5DC5B1732A0A66F600B3B140 /* PaymentResult.swift in Sources */,
				5DCFFD5E2A0B984400DB39F0 /* SetupButton.swift in Sources */,
			);
			runOnlyForDeploymentPostprocessing = 0;
		};
		5DDC34AC2A06FB1D0000045F /* Sources */ = {
			isa = PBXSourcesBuildPhase;
			buildActionMask = 2147483647;
			files = (
				5DDC34B52A06FB1D0000045F /* FinalShoppingTests.swift in Sources */,
			);
			runOnlyForDeploymentPostprocessing = 0;
		};
		5DDC34B62A06FB1D0000045F /* Sources */ = {
			isa = PBXSourcesBuildPhase;
			buildActionMask = 2147483647;
			files = (
				5DDC34BF2A06FB1D0000045F /* FinalShoppingUITests.swift in Sources */,
				5DDC34C12A06FB1D0000045F /* FinalShoppingUITestsLaunchTests.swift in Sources */,
			);
			runOnlyForDeploymentPostprocessing = 0;
		};
/* End PBXSourcesBuildPhase section */

/* Begin PBXTargetDependency section */
		5DDC34B22A06FB1D0000045F /* PBXTargetDependency */ = {
			isa = PBXTargetDependency;
			target = 5DDC34962A06FB1C0000045F /* FinalShopping */;
			targetProxy = 5DDC34B12A06FB1D0000045F /* PBXContainerItemProxy */;
		};
		5DDC34BC2A06FB1D0000045F /* PBXTargetDependency */ = {
			isa = PBXTargetDependency;
			target = 5DDC34962A06FB1C0000045F /* FinalShopping */;
			targetProxy = 5DDC34BB2A06FB1D0000045F /* PBXContainerItemProxy */;
		};
/* End PBXTargetDependency section */

/* Begin PBXVariantGroup section */
		5DDC34A82A06FB1D0000045F /* LaunchScreen.storyboard */ = {
			isa = PBXVariantGroup;
			children = (
				5DDC34A92A06FB1D0000045F /* Base */,
			);
			name = LaunchScreen.storyboard;
			sourceTree = "<group>";
		};
/* End PBXVariantGroup section */

/* Begin XCBuildConfiguration section */
		5DDC34C22A06FB1D0000045F /* Debug */ = {
			isa = XCBuildConfiguration;
			buildSettings = {
				ALWAYS_SEARCH_USER_PATHS = NO;
				CLANG_ANALYZER_NONNULL = YES;
				CLANG_ANALYZER_NUMBER_OBJECT_CONVERSION = YES_AGGRESSIVE;
				CLANG_CXX_LANGUAGE_STANDARD = "gnu++20";
				CLANG_ENABLE_MODULES = YES;
				CLANG_ENABLE_OBJC_ARC = YES;
				CLANG_ENABLE_OBJC_WEAK = YES;
				CLANG_WARN_BLOCK_CAPTURE_AUTORELEASING = YES;
				CLANG_WARN_BOOL_CONVERSION = YES;
				CLANG_WARN_COMMA = YES;
				CLANG_WARN_CONSTANT_CONVERSION = YES;
				CLANG_WARN_DEPRECATED_OBJC_IMPLEMENTATIONS = YES;
				CLANG_WARN_DIRECT_OBJC_ISA_USAGE = YES_ERROR;
				CLANG_WARN_DOCUMENTATION_COMMENTS = YES;
				CLANG_WARN_EMPTY_BODY = YES;
				CLANG_WARN_ENUM_CONVERSION = YES;
				CLANG_WARN_INFINITE_RECURSION = YES;
				CLANG_WARN_INT_CONVERSION = YES;
				CLANG_WARN_NON_LITERAL_NULL_CONVERSION = YES;
				CLANG_WARN_OBJC_IMPLICIT_RETAIN_SELF = YES;
				CLANG_WARN_OBJC_LITERAL_CONVERSION = YES;
				CLANG_WARN_OBJC_ROOT_CLASS = YES_ERROR;
				CLANG_WARN_QUOTED_INCLUDE_IN_FRAMEWORK_HEADER = YES;
				CLANG_WARN_RANGE_LOOP_ANALYSIS = YES;
				CLANG_WARN_STRICT_PROTOTYPES = YES;
				CLANG_WARN_SUSPICIOUS_MOVE = YES;
				CLANG_WARN_UNGUARDED_AVAILABILITY = YES_AGGRESSIVE;
				CLANG_WARN_UNREACHABLE_CODE = YES;
				CLANG_WARN__DUPLICATE_METHOD_MATCH = YES;
				COPY_PHASE_STRIP = NO;
				DEBUG_INFORMATION_FORMAT = dwarf;
				ENABLE_STRICT_OBJC_MSGSEND = YES;
				ENABLE_TESTABILITY = YES;
				GCC_C_LANGUAGE_STANDARD = gnu11;
				GCC_DYNAMIC_NO_PIC = NO;
				GCC_NO_COMMON_BLOCKS = YES;
				GCC_OPTIMIZATION_LEVEL = 0;
				GCC_PREPROCESSOR_DEFINITIONS = (
					"DEBUG=1",
					"$(inherited)",
				);
				GCC_WARN_64_TO_32_BIT_CONVERSION = YES;
				GCC_WARN_ABOUT_RETURN_TYPE = YES_ERROR;
				GCC_WARN_UNDECLARED_SELECTOR = YES;
				GCC_WARN_UNINITIALIZED_AUTOS = YES_AGGRESSIVE;
				GCC_WARN_UNUSED_FUNCTION = YES;
				GCC_WARN_UNUSED_VARIABLE = YES;
				IPHONEOS_DEPLOYMENT_TARGET = 16.4;
				MTL_ENABLE_DEBUG_INFO = INCLUDE_SOURCE;
				MTL_FAST_MATH = YES;
				ONLY_ACTIVE_ARCH = YES;
				SDKROOT = iphoneos;
				SWIFT_ACTIVE_COMPILATION_CONDITIONS = DEBUG;
				SWIFT_OPTIMIZATION_LEVEL = "-Onone";
			};
			name = Debug;
		};
		5DDC34C32A06FB1D0000045F /* Release */ = {
			isa = XCBuildConfiguration;
			buildSettings = {
				ALWAYS_SEARCH_USER_PATHS = NO;
				CLANG_ANALYZER_NONNULL = YES;
				CLANG_ANALYZER_NUMBER_OBJECT_CONVERSION = YES_AGGRESSIVE;
				CLANG_CXX_LANGUAGE_STANDARD = "gnu++20";
				CLANG_ENABLE_MODULES = YES;
				CLANG_ENABLE_OBJC_ARC = YES;
				CLANG_ENABLE_OBJC_WEAK = YES;
				CLANG_WARN_BLOCK_CAPTURE_AUTORELEASING = YES;
				CLANG_WARN_BOOL_CONVERSION = YES;
				CLANG_WARN_COMMA = YES;
				CLANG_WARN_CONSTANT_CONVERSION = YES;
				CLANG_WARN_DEPRECATED_OBJC_IMPLEMENTATIONS = YES;
				CLANG_WARN_DIRECT_OBJC_ISA_USAGE = YES_ERROR;
				CLANG_WARN_DOCUMENTATION_COMMENTS = YES;
				CLANG_WARN_EMPTY_BODY = YES;
				CLANG_WARN_ENUM_CONVERSION = YES;
				CLANG_WARN_INFINITE_RECURSION = YES;
				CLANG_WARN_INT_CONVERSION = YES;
				CLANG_WARN_NON_LITERAL_NULL_CONVERSION = YES;
				CLANG_WARN_OBJC_IMPLICIT_RETAIN_SELF = YES;
				CLANG_WARN_OBJC_LITERAL_CONVERSION = YES;
				CLANG_WARN_OBJC_ROOT_CLASS = YES_ERROR;
				CLANG_WARN_QUOTED_INCLUDE_IN_FRAMEWORK_HEADER = YES;
				CLANG_WARN_RANGE_LOOP_ANALYSIS = YES;
				CLANG_WARN_STRICT_PROTOTYPES = YES;
				CLANG_WARN_SUSPICIOUS_MOVE = YES;
				CLANG_WARN_UNGUARDED_AVAILABILITY = YES_AGGRESSIVE;
				CLANG_WARN_UNREACHABLE_CODE = YES;
				CLANG_WARN__DUPLICATE_METHOD_MATCH = YES;
				COPY_PHASE_STRIP = NO;
				DEBUG_INFORMATION_FORMAT = "dwarf-with-dsym";
				ENABLE_NS_ASSERTIONS = NO;
				ENABLE_STRICT_OBJC_MSGSEND = YES;
				GCC_C_LANGUAGE_STANDARD = gnu11;
				GCC_NO_COMMON_BLOCKS = YES;
				GCC_WARN_64_TO_32_BIT_CONVERSION = YES;
				GCC_WARN_ABOUT_RETURN_TYPE = YES_ERROR;
				GCC_WARN_UNDECLARED_SELECTOR = YES;
				GCC_WARN_UNINITIALIZED_AUTOS = YES_AGGRESSIVE;
				GCC_WARN_UNUSED_FUNCTION = YES;
				GCC_WARN_UNUSED_VARIABLE = YES;
				IPHONEOS_DEPLOYMENT_TARGET = 16.4;
				MTL_ENABLE_DEBUG_INFO = NO;
				MTL_FAST_MATH = YES;
				SDKROOT = iphoneos;
				SWIFT_COMPILATION_MODE = wholemodule;
				SWIFT_OPTIMIZATION_LEVEL = "-O";
				VALIDATE_PRODUCT = YES;
			};
			name = Release;
		};
		5DDC34C52A06FB1D0000045F /* Debug */ = {
			isa = XCBuildConfiguration;
			buildSettings = {
				ASSETCATALOG_COMPILER_APPICON_NAME = AppIcon;
				ASSETCATALOG_COMPILER_GLOBAL_ACCENT_COLOR_NAME = AccentColor;
				CODE_SIGN_STYLE = Automatic;
				CURRENT_PROJECT_VERSION = 1;
				DEVELOPMENT_TEAM = N6PQF93RKP;
				GENERATE_INFOPLIST_FILE = YES;
				INFOPLIST_FILE = FinalShopping/Info.plist;
				INFOPLIST_KEY_UIApplicationSupportsIndirectInputEvents = YES;
				INFOPLIST_KEY_UILaunchStoryboardName = LaunchScreen;
				INFOPLIST_KEY_UISupportedInterfaceOrientations = UIInterfaceOrientationPortrait;
				LD_RUNPATH_SEARCH_PATHS = (
					"$(inherited)",
					"@executable_path/Frameworks",
				);
				MARKETING_VERSION = 1.0;
				PRODUCT_BUNDLE_IDENTIFIER = com.nat.FinalShopping;
				PRODUCT_NAME = "$(TARGET_NAME)";
				SWIFT_EMIT_LOC_STRINGS = YES;
				SWIFT_VERSION = 5.0;
				TARGETED_DEVICE_FAMILY = "1,2";
			};
			name = Debug;
		};
		5DDC34C62A06FB1D0000045F /* Release */ = {
			isa = XCBuildConfiguration;
			buildSettings = {
				ASSETCATALOG_COMPILER_APPICON_NAME = AppIcon;
				ASSETCATALOG_COMPILER_GLOBAL_ACCENT_COLOR_NAME = AccentColor;
				CODE_SIGN_STYLE = Automatic;
				CURRENT_PROJECT_VERSION = 1;
				DEVELOPMENT_TEAM = N6PQF93RKP;
				GENERATE_INFOPLIST_FILE = YES;
				INFOPLIST_FILE = FinalShopping/Info.plist;
				INFOPLIST_KEY_UIApplicationSupportsIndirectInputEvents = YES;
				INFOPLIST_KEY_UILaunchStoryboardName = LaunchScreen;
				INFOPLIST_KEY_UISupportedInterfaceOrientations = UIInterfaceOrientationPortrait;
				LD_RUNPATH_SEARCH_PATHS = (
					"$(inherited)",
					"@executable_path/Frameworks",
				);
				MARKETING_VERSION = 1.0;
				PRODUCT_BUNDLE_IDENTIFIER = com.nat.FinalShopping;
				PRODUCT_NAME = "$(TARGET_NAME)";
				SWIFT_EMIT_LOC_STRINGS = YES;
				SWIFT_VERSION = 5.0;
				TARGETED_DEVICE_FAMILY = "1,2";
			};
			name = Release;
		};
		5DDC34C82A06FB1D0000045F /* Debug */ = {
			isa = XCBuildConfiguration;
			buildSettings = {
				ALWAYS_EMBED_SWIFT_STANDARD_LIBRARIES = YES;
				BUNDLE_LOADER = "$(TEST_HOST)";
				CODE_SIGN_STYLE = Automatic;
				CURRENT_PROJECT_VERSION = 1;
				DEVELOPMENT_TEAM = N6PQF93RKP;
				GENERATE_INFOPLIST_FILE = YES;
				IPHONEOS_DEPLOYMENT_TARGET = 16.4;
				MARKETING_VERSION = 1.0;
				PRODUCT_BUNDLE_IDENTIFIER = com.nat.FinalShoppingTests;
				PRODUCT_NAME = "$(TARGET_NAME)";
				SWIFT_EMIT_LOC_STRINGS = NO;
				SWIFT_VERSION = 5.0;
				TARGETED_DEVICE_FAMILY = "1,2";
				TEST_HOST = "$(BUILT_PRODUCTS_DIR)/FinalShopping.app/$(BUNDLE_EXECUTABLE_FOLDER_PATH)/FinalShopping";
			};
			name = Debug;
		};
		5DDC34C92A06FB1D0000045F /* Release */ = {
			isa = XCBuildConfiguration;
			buildSettings = {
				ALWAYS_EMBED_SWIFT_STANDARD_LIBRARIES = YES;
				BUNDLE_LOADER = "$(TEST_HOST)";
				CODE_SIGN_STYLE = Automatic;
				CURRENT_PROJECT_VERSION = 1;
				DEVELOPMENT_TEAM = N6PQF93RKP;
				GENERATE_INFOPLIST_FILE = YES;
				IPHONEOS_DEPLOYMENT_TARGET = 16.4;
				MARKETING_VERSION = 1.0;
				PRODUCT_BUNDLE_IDENTIFIER = com.nat.FinalShoppingTests;
				PRODUCT_NAME = "$(TARGET_NAME)";
				SWIFT_EMIT_LOC_STRINGS = NO;
				SWIFT_VERSION = 5.0;
				TARGETED_DEVICE_FAMILY = "1,2";
				TEST_HOST = "$(BUILT_PRODUCTS_DIR)/FinalShopping.app/$(BUNDLE_EXECUTABLE_FOLDER_PATH)/FinalShopping";
			};
			name = Release;
		};
		5DDC34CB2A06FB1D0000045F /* Debug */ = {
			isa = XCBuildConfiguration;
			buildSettings = {
				ALWAYS_EMBED_SWIFT_STANDARD_LIBRARIES = YES;
				CODE_SIGN_STYLE = Automatic;
				CURRENT_PROJECT_VERSION = 1;
				DEVELOPMENT_TEAM = N6PQF93RKP;
				GENERATE_INFOPLIST_FILE = YES;
				MARKETING_VERSION = 1.0;
				PRODUCT_BUNDLE_IDENTIFIER = com.nat.FinalShoppingUITests;
				PRODUCT_NAME = "$(TARGET_NAME)";
				SWIFT_EMIT_LOC_STRINGS = NO;
				SWIFT_VERSION = 5.0;
				TARGETED_DEVICE_FAMILY = "1,2";
				TEST_TARGET_NAME = FinalShopping;
			};
			name = Debug;
		};
		5DDC34CC2A06FB1D0000045F /* Release */ = {
			isa = XCBuildConfiguration;
			buildSettings = {
				ALWAYS_EMBED_SWIFT_STANDARD_LIBRARIES = YES;
				CODE_SIGN_STYLE = Automatic;
				CURRENT_PROJECT_VERSION = 1;
				DEVELOPMENT_TEAM = N6PQF93RKP;
				GENERATE_INFOPLIST_FILE = YES;
				MARKETING_VERSION = 1.0;
				PRODUCT_BUNDLE_IDENTIFIER = com.nat.FinalShoppingUITests;
				PRODUCT_NAME = "$(TARGET_NAME)";
				SWIFT_EMIT_LOC_STRINGS = NO;
				SWIFT_VERSION = 5.0;
				TARGETED_DEVICE_FAMILY = "1,2";
				TEST_TARGET_NAME = FinalShopping;
			};
			name = Release;
		};
/* End XCBuildConfiguration section */

/* Begin XCConfigurationList section */
		5DDC34922A06FB1C0000045F /* Build configuration list for PBXProject "FinalShopping" */ = {
			isa = XCConfigurationList;
			buildConfigurations = (
				5DDC34C22A06FB1D0000045F /* Debug */,
				5DDC34C32A06FB1D0000045F /* Release */,
			);
			defaultConfigurationIsVisible = 0;
			defaultConfigurationName = Release;
		};
		5DDC34C42A06FB1D0000045F /* Build configuration list for PBXNativeTarget "FinalShopping" */ = {
			isa = XCConfigurationList;
			buildConfigurations = (
				5DDC34C52A06FB1D0000045F /* Debug */,
				5DDC34C62A06FB1D0000045F /* Release */,
			);
			defaultConfigurationIsVisible = 0;
			defaultConfigurationName = Release;
		};
		5DDC34C72A06FB1D0000045F /* Build configuration list for PBXNativeTarget "FinalShoppingTests" */ = {
			isa = XCConfigurationList;
			buildConfigurations = (
				5DDC34C82A06FB1D0000045F /* Debug */,
				5DDC34C92A06FB1D0000045F /* Release */,
			);
			defaultConfigurationIsVisible = 0;
			defaultConfigurationName = Release;
		};
		5DDC34CA2A06FB1D0000045F /* Build configuration list for PBXNativeTarget "FinalShoppingUITests" */ = {
			isa = XCConfigurationList;
			buildConfigurations = (
				5DDC34CB2A06FB1D0000045F /* Debug */,
				5DDC34CC2A06FB1D0000045F /* Release */,
			);
			defaultConfigurationIsVisible = 0;
			defaultConfigurationName = Release;
		};
/* End XCConfigurationList section */

/* Begin XCRemoteSwiftPackageReference section */
		5D48C3262A0E3A980014B0F3 /* XCRemoteSwiftPackageReference "Kingfisher" */ = {
			isa = XCRemoteSwiftPackageReference;
			repositoryURL = "https://github.com/onevcat/Kingfisher.git";
			requirement = {
				kind = upToNextMajorVersion;
				minimumVersion = 7.0.0;
			};
		};
		5D71623D2A0A88400064DA54 /* XCRemoteSwiftPackageReference "firebase-ios-sdk" */ = {
			isa = XCRemoteSwiftPackageReference;
			repositoryURL = "https://github.com/firebase/firebase-ios-sdk";
			requirement = {
				kind = upToNextMajorVersion;
				minimumVersion = 10.0.0;
			};
		};
/* End XCRemoteSwiftPackageReference section */

/* Begin XCSwiftPackageProductDependency section */
		5D48C3272A0E3A980014B0F3 /* Kingfisher */ = {
			isa = XCSwiftPackageProductDependency;
			package = 5D48C3262A0E3A980014B0F3 /* XCRemoteSwiftPackageReference "Kingfisher" */;
			productName = Kingfisher;
		};
		5D71623E2A0A88400064DA54 /* FirebaseAuth */ = {
			isa = XCSwiftPackageProductDependency;
			package = 5D71623D2A0A88400064DA54 /* XCRemoteSwiftPackageReference "firebase-ios-sdk" */;
			productName = FirebaseAuth;
		};
		5D7162402A0A88400064DA54 /* FirebaseFirestore */ = {
			isa = XCSwiftPackageProductDependency;
			package = 5D71623D2A0A88400064DA54 /* XCRemoteSwiftPackageReference "firebase-ios-sdk" */;
			productName = FirebaseFirestore;
		};
/* End XCSwiftPackageProductDependency section */

/* Begin XCVersionGroup section */
		5DDC34A32A06FB1C0000045F /* FinalShopping.xcdatamodeld */ = {
			isa = XCVersionGroup;
			children = (
				5DDC34A42A06FB1C0000045F /* FinalShopping.xcdatamodel */,
			);
			currentVersion = 5DDC34A42A06FB1C0000045F /* FinalShopping.xcdatamodel */;
			path = FinalShopping.xcdatamodeld;
			sourceTree = "<group>";
			versionGroupType = wrapper.xcdatamodel;
		};
/* End XCVersionGroup section */
	};
	rootObject = 5DDC348F2A06FB1C0000045F /* Project object */;
}
